
Microsoft Visual Studio Solution File, Format Version 12.00
# Visual Studio Version 17
VisualStudioVersion = 17.8.34601.278
MinimumVisualStudioVersion = 10.0.40219.1
Project("{FAE04EC0-301F-11D3-BF4B-00C04F79EFBC}") = "Snake.2", "Snake.2\Snake.2.csproj", "{2B0E7881-848E-4995-A08C-EA9621FC5A0F}"
EndProject
Global
	GlobalSection(SolutionConfigurationPlatforms) = preSolution
		Debug|Any CPU = Debug|Any CPU
		Release|Any CPU = Release|Any CPU
	EndGlobalSection
	GlobalSection(ProjectConfigurationPlatforms) = postSolution
		{2B0E7881-848E-4995-A08C-EA9621FC5A0F}.Debug|Any CPU.ActiveCfg = Debug|Any CPU
		{2B0E7881-848E-4995-A08C-EA9621FC5A0F}.Debug|Any CPU.Build.0 = Debug|Any CPU
		{2B0E7881-848E-4995-A08C-EA9621FC5A0F}.Release|Any CPU.ActiveCfg = Release|Any CPU
		{2B0E7881-848E-4995-A08C-EA9621FC5A0F}.Release|Any CPU.Build.0 = Release|Any CPU
	EndGlobalSection
	GlobalSection(SolutionProperties) = preSolution
		HideSolutionNode = FALSE
	EndGlobalSection
	GlobalSection(ExtensibilityGlobals) = postSolution
		SolutionGuid = {5DD4D19D-CD1D-436D-89B7-3C3E3A29EB16}
	EndGlobalSection
EndGlobal
